lockfileVersion: '9.0'

settings:
  autoInstallPeers: true
  excludeLinksFromLockfile: false

importers:

  .:
    dependencies:
      next:
        specifier: 15.3.5
        version: 15.3.5(react-dom@18.3.1(react@18.3.1))(react@18.3.1)
      react:
        specifier: ^18.3.1
        version: 18.3.1
      react-dom:
        specifier: ^18.3.1
        version: 18.3.1(react@18.3.1)
      thirdweb:
        specifier: ^5.105.10
        version: 5.105.10
      ethers:
        specifier: ^6.15.0
        version: 6.15.0
      "@multiformats/multiaddr":
        specifier: ^12.1.14
        version: 12.1.14
      "@multiformats/multiaddr-to-uri":
        specifier: ^10.0.1
        version: 10.0.1
      "@hey-api/openapi-ts":
        specifier: ^0.73.0
        version: 0.73.0
      jspdf:
        specifier: ^3.0.1
        version: 3.0.1
      qrcode:
        specifier: ^1.5.4
        version: 1.5.4
      "qrcode.react":
        specifier: ^4.2.0
        version: 4.2.0
      formidable:
        specifier: ^3.5.4
        version: 3.5.4
      react-dropzone:
        specifier: ^14.3.8
        version: 14.3.8
      "@vercel/kv":
        specifier: ^3.0.0
        version: 3.0.0
    devDependencies:
      '@types/node':
        specifier: ^24.0.10
        version: 24.0.10
      '@types/react':
        specifier: ^18.3.12
        version: 18.3.12
      '@types/react-dom':
        specifier: ^18.3.1
        version: 18.3.1
      '@types/qrcode':
        specifier: ^1.5.5
        version: 1.5.5
      '@types/formidable':
        specifier: ^3.4.5
        version: 3.4.5
      autoprefixer:
        specifier: ^10.4.20
        version: 10.4.20
      eslint:
        specifier: ^9.17.0
        version: 9.17.0
      eslint-config-next:
        specifier: 15.3.5
        version: 15.3.5
      postcss:
        specifier: ^8.4.49
        version: 8.4.49
      tailwindcss:
        specifier: ^3.4.17
        version: 3.4.17
      typescript:
        specifier: ^5.6.3
        version: 5.6.3

packages:
  'next@15.3.5':
    resolution: {integrity: sha512-example}
  'react@18.3.1':
    resolution: {integrity: sha512-example}
  'react-dom@18.3.1':
    resolution: {integrity: sha512-example}